
Microsoft Visual Studio Solution File, Format Version 12.00
# Visual Studio Version 16
VisualStudioVersion = 16.0.31105.61
MinimumVisualStudioVersion = 10.0.40219.1
Project("{8BC9CEB8-8B4A-11D0-8D11-00A0C91BC942}") = "HttpServer", "HttpServer\HttpServer.vcxproj", "{783B171E-E353-4893-8EE1-19C6C20FC283}"
EndProject
Project("{8BC9CEB8-8B4A-11D0-8D11-00A0C91BC942}") = "HttpClient", "HttpClient\HttpClient.vcxproj", "{91DD36E5-DFAA-4001-B358-FC9576FFA45A}"
EndProject
Global
	GlobalSection(SolutionConfigurationPlatforms) = preSolution
		Debug|x64 = Debug|x64
		Debug|x86 = Debug|x86
		Release|x64 = Release|x64
		Release|x86 = Release|x86
	EndGlobalSection
	GlobalSection(ProjectConfigurationPlatforms) = postSolution
		{783B171E-E353-4893-8EE1-19C6C20FC283}.Debug|x64.ActiveCfg = Debug|x64
		{783B171E-E353-4893-8EE1-19C6C20FC283}.Debug|x64.Build.0 = Debug|x64
		{783B171E-E353-4893-8EE1-19C6C20FC283}.Debug|x86.ActiveCfg = Debug|Win32
		{783B171E-E353-4893-8EE1-19C6C20FC283}.Debug|x86.Build.0 = Debug|Win32
		{783B171E-E353-4893-8EE1-19C6C20FC283}.Release|x64.ActiveCfg = Release|x64
		{783B171E-E353-4893-8EE1-19C6C20FC283}.Release|x64.Build.0 = Release|x64
		{783B171E-E353-4893-8EE1-19C6C20FC283}.Release|x86.ActiveCfg = Release|Win32
		{783B171E-E353-4893-8EE1-19C6C20FC283}.Release|x86.Build.0 = Release|Win32
		{91DD36E5-DFAA-4001-B358-FC9576FFA45A}.Debug|x64.ActiveCfg = Debug|x64
		{91DD36E5-DFAA-4001-B358-FC9576FFA45A}.Debug|x64.Build.0 = Debug|x64
		{91DD36E5-DFAA-4001-B358-FC9576FFA45A}.Debug|x86.ActiveCfg = Debug|Win32
		{91DD36E5-DFAA-4001-B358-FC9576FFA45A}.Debug|x86.Build.0 = Debug|Win32
		{91DD36E5-DFAA-4001-B358-FC9576FFA45A}.Release|x64.ActiveCfg = Release|x64
		{91DD36E5-DFAA-4001-B358-FC9576FFA45A}.Release|x64.Build.0 = Release|x64
		{91DD36E5-DFAA-4001-B358-FC9576FFA45A}.Release|x86.ActiveCfg = Release|Win32
		{91DD36E5-DFAA-4001-B358-FC9576FFA45A}.Release|x86.Build.0 = Release|Win32
	EndGlobalSection
	GlobalSection(SolutionProperties) = preSolution
		HideSolutionNode = FALSE
	EndGlobalSection
	GlobalSection(ExtensibilityGlobals) = postSolution
		SolutionGuid = {FCBD6FC0-C866-4E3D-A5CF-FDE7048EFDD4}
	EndGlobalSection
EndGlobal
